PODS:
  - Alamofire (5.2.2)
  - Kingfisher (5.15.0):
    - Kingfisher/Core (= 5.15.0)
  - Kingfisher/Core (5.15.0)
  - RxAlamofire (5.6.0):
    - RxAlamofire/Core (= 5.6.0)
  - RxAlamofire/Core (5.6.0):
    - Alamofire (~> 5.1)
    - RxSwift (~> 5.1)
  - RxCocoa (5.1.1):
    - RxRelay (~> 5)
    - RxSwift (~> 5)
  - RxKingfisher (1.0.0):
    - Kingfisher (~> 5)
    - RxCocoa (~> 5)
    - RxSwift (~> 5)
  - RxRelay (5.1.1):
    - RxSwift (~> 5)
  - RxSwift (5.1.1)

DEPENDENCIES:
  - RxAlamofire
  - RxCocoa (~> 5.0)
  - RxKingfisher
  - RxSwift (~> 5.0)

SPEC REPOS:
  trunk:
    - Alamofire
    - Kingfisher
    - RxAlamofire
    - RxCocoa
    - RxKingfisher
    - RxRelay
    - RxSwift

SPEC CHECKSUMS:
  Alamofire: 814429acc853c6c54ff123fc3d2ef66803823ce0
  Kingfisher: 1acb67597a520c2d0310677e66d6e0af455ef757
  RxAlamofire: f34ddbab56fa2a36f99737f4d4ecc22288a1384f
  RxCocoa: 32065309a38d29b5b0db858819b5bf9ef038b601
  RxKingfisher: 0f07678aca3e6a20143dfba67ec2d2c70d443a9a
  RxRelay: d77f7d771495f43c556cbc43eebd1bb54d01e8e9
  RxSwift: 81470a2074fa8780320ea5fe4102807cb7118178

PODFILE CHECKSUM: a6043ff2ae1b0c68d47bdeea25e62b8f12f1bfa2

COCOAPODS: 1.8.4
